
Microsoft Visual Studio Solution File, Format Version 12.00
# Visual Studio Version 16
VisualStudioVersion = 16.0.29613.14
MinimumVisualStudioVersion = 10.0.40219.1
Project("{FAE04EC0-301F-11D3-BF4B-00C04F79EFBC}") = "GraphQL_Full.net", "GraphQL_Full.net\GraphQL_Full.net.csproj", "{BA159975-07FE-462E-A798-124DF542318E}"
EndProject
Global
	GlobalSection(SolutionConfigurationPlatforms) = preSolution
		Debug|Any CPU = Debug|Any CPU
		Release|Any CPU = Release|Any CPU
	EndGlobalSection
	GlobalSection(ProjectConfigurationPlatforms) = postSolution
		{BA159975-07FE-462E-A798-124DF542318E}.Debug|Any CPU.ActiveCfg = Debug|Any CPU
		{BA159975-07FE-462E-A798-124DF542318E}.Debug|Any CPU.Build.0 = Debug|Any CPU
		{BA159975-07FE-462E-A798-124DF542318E}.Release|Any CPU.ActiveCfg = Release|Any CPU
		{BA159975-07FE-462E-A798-124DF542318E}.Release|Any CPU.Build.0 = Release|Any CPU
	EndGlobalSection
	GlobalSection(SolutionProperties) = preSolution
		HideSolutionNode = FALSE
	EndGlobalSection
	GlobalSection(ExtensibilityGlobals) = postSolution
		SolutionGuid = {F5BE9B9C-791F-4DC0-9384-2BA7338262BF}
	EndGlobalSection
EndGlobal
